
Microsoft Visual Studio Solution File, Format Version 12.00
# Visual Studio 14
VisualStudioVersion = 14.0.25420.1
MinimumVisualStudioVersion = 10.0.40219.1
Project("{FAE04EC0-301F-11D3-BF4B-00C04F79EFBC}") = "ExtractMediaFilesExtension", "ExtractMediaFilesExtension\ExtractMediaFilesExtension.csproj", "{61FAFAD7-7E29-41DF-AF85-DEF7BA0AD967}"
EndProject
Project("{54435603-DBB4-11D2-8724-00A0C9A8B90C}") = "Setup", "Setup\Setup.vdproj", "{21101B73-1310-4B5B-BD16-8C2BCBA2942E}"
EndProject
Global
	GlobalSection(SolutionConfigurationPlatforms) = preSolution
		Debug|Any CPU = Debug|Any CPU
		Release|Any CPU = Release|Any CPU
	EndGlobalSection
	GlobalSection(ProjectConfigurationPlatforms) = postSolution
		{61FAFAD7-7E29-41DF-AF85-DEF7BA0AD967}.Debug|Any CPU.ActiveCfg = Debug|Any CPU
		{61FAFAD7-7E29-41DF-AF85-DEF7BA0AD967}.Debug|Any CPU.Build.0 = Debug|Any CPU
		{61FAFAD7-7E29-41DF-AF85-DEF7BA0AD967}.Release|Any CPU.ActiveCfg = Release|Any CPU
		{61FAFAD7-7E29-41DF-AF85-DEF7BA0AD967}.Release|Any CPU.Build.0 = Release|Any CPU
		{21101B73-1310-4B5B-BD16-8C2BCBA2942E}.Debug|Any CPU.ActiveCfg = Debug
		{21101B73-1310-4B5B-BD16-8C2BCBA2942E}.Release|Any CPU.ActiveCfg = Release
	EndGlobalSection
	GlobalSection(SolutionProperties) = preSolution
		HideSolutionNode = FALSE
	EndGlobalSection
EndGlobal
